
Microsoft Visual Studio Solution File, Format Version 12.00
# Visual Studio 15
VisualStudioVersion = 15.0.28010.2050
MinimumVisualStudioVersion = 10.0.40219.1
Project("{FAE04EC0-301F-11D3-BF4B-00C04F79EFBC}") = "ExpressionsAllTheWay", "ExpressionsAllTheWay\ExpressionsAllTheWay.csproj", "{62C6D8DF-D537-45CE-9C7D-8D4DBB184F86}"
EndProject
Global
	GlobalSection(SolutionConfigurationPlatforms) = preSolution
		Debug|Any CPU = Debug|Any CPU
		Release|Any CPU = Release|Any CPU
	EndGlobalSection
	GlobalSection(ProjectConfigurationPlatforms) = postSolution
		{62C6D8DF-D537-45CE-9C7D-8D4DBB184F86}.Debug|Any CPU.ActiveCfg = Debug|Any CPU
		{62C6D8DF-D537-45CE-9C7D-8D4DBB184F86}.Debug|Any CPU.Build.0 = Debug|Any CPU
		{62C6D8DF-D537-45CE-9C7D-8D4DBB184F86}.Release|Any CPU.ActiveCfg = Release|Any CPU
		{62C6D8DF-D537-45CE-9C7D-8D4DBB184F86}.Release|Any CPU.Build.0 = Release|Any CPU
	EndGlobalSection
	GlobalSection(SolutionProperties) = preSolution
		HideSolutionNode = FALSE
	EndGlobalSection
	GlobalSection(ExtensibilityGlobals) = postSolution
		SolutionGuid = {C528D41A-F10F-47CE-BC61-E2FBA4F9AFBC}
	EndGlobalSection
EndGlobal
