
Microsoft Visual Studio Solution File, Format Version 12.00
# Visual Studio 15
VisualStudioVersion = 15.0.28010.2050
MinimumVisualStudioVersion = 10.0.40219.1
Project("{FAE04EC0-301F-11D3-BF4B-00C04F79EFBC}") = "DateTime.Fluent", "DateTime.Fluent\DateTime.Fluent.csproj", "{CCC29817-DEB9-4FA1-B3FB-8772A73B0E4E}"
EndProject
Project("{FAE04EC0-301F-11D3-BF4B-00C04F79EFBC}") = "DateTime.Fluent.Tests", "DateTime.Fluent.Tests\DateTime.Fluent.Tests.csproj", "{A89822E8-75AF-4C5E-8196-4834B50F1782}"
EndProject
Global
	GlobalSection(SolutionConfigurationPlatforms) = preSolution
		Debug|Any CPU = Debug|Any CPU
		Release|Any CPU = Release|Any CPU
	EndGlobalSection
	GlobalSection(ProjectConfigurationPlatforms) = postSolution
		{CCC29817-DEB9-4FA1-B3FB-8772A73B0E4E}.Debug|Any CPU.ActiveCfg = Debug|Any CPU
		{CCC29817-DEB9-4FA1-B3FB-8772A73B0E4E}.Debug|Any CPU.Build.0 = Debug|Any CPU
		{CCC29817-DEB9-4FA1-B3FB-8772A73B0E4E}.Release|Any CPU.ActiveCfg = Release|Any CPU
		{CCC29817-DEB9-4FA1-B3FB-8772A73B0E4E}.Release|Any CPU.Build.0 = Release|Any CPU
		{A89822E8-75AF-4C5E-8196-4834B50F1782}.Debug|Any CPU.ActiveCfg = Debug|Any CPU
		{A89822E8-75AF-4C5E-8196-4834B50F1782}.Debug|Any CPU.Build.0 = Debug|Any CPU
		{A89822E8-75AF-4C5E-8196-4834B50F1782}.Release|Any CPU.ActiveCfg = Release|Any CPU
		{A89822E8-75AF-4C5E-8196-4834B50F1782}.Release|Any CPU.Build.0 = Release|Any CPU
	EndGlobalSection
	GlobalSection(SolutionProperties) = preSolution
		HideSolutionNode = FALSE
	EndGlobalSection
	GlobalSection(ExtensibilityGlobals) = postSolution
		SolutionGuid = {435CEA9D-5621-4FE5-AAA3-3C3F243964CD}
	EndGlobalSection
EndGlobal
